
Microsoft Visual Studio Solution File, Format Version 12.00
# Visual Studio 15
VisualStudioVersion = 15.0.28307.757
MinimumVisualStudioVersion = 10.0.40219.1
Project("{FAE04EC0-301F-11D3-BF4B-00C04F79EFBC}") = "SQLMigrator", "ASMigrator\SQLMigrator.csproj", "{5C22FE3B-0B4A-4EC4-ACE2-F48B448BB071}"
EndProject
Project("{9A19103F-16F7-4668-BE54-9A1E7A4F7556}") = "SQLMigratorCore", "AsMigratorCore\SQLMigratorCore.csproj", "{C0996BDE-19F1-46F7-AD69-D23E5E344377}"
EndProject
Global
	GlobalSection(SolutionConfigurationPlatforms) = preSolution
		Debug|Any CPU = Debug|Any CPU
		Release|Any CPU = Release|Any CPU
	EndGlobalSection
	GlobalSection(ProjectConfigurationPlatforms) = postSolution
		{5C22FE3B-0B4A-4EC4-ACE2-F48B448BB071}.Debug|Any CPU.ActiveCfg = Debug|Any CPU
		{5C22FE3B-0B4A-4EC4-ACE2-F48B448BB071}.Debug|Any CPU.Build.0 = Debug|Any CPU
		{5C22FE3B-0B4A-4EC4-ACE2-F48B448BB071}.Release|Any CPU.ActiveCfg = Release|Any CPU
		{5C22FE3B-0B4A-4EC4-ACE2-F48B448BB071}.Release|Any CPU.Build.0 = Release|Any CPU
		{C0996BDE-19F1-46F7-AD69-D23E5E344377}.Debug|Any CPU.ActiveCfg = Debug|Any CPU
		{C0996BDE-19F1-46F7-AD69-D23E5E344377}.Debug|Any CPU.Build.0 = Debug|Any CPU
		{C0996BDE-19F1-46F7-AD69-D23E5E344377}.Release|Any CPU.ActiveCfg = Release|Any CPU
		{C0996BDE-19F1-46F7-AD69-D23E5E344377}.Release|Any CPU.Build.0 = Release|Any CPU
	EndGlobalSection
	GlobalSection(SolutionProperties) = preSolution
		HideSolutionNode = FALSE
	EndGlobalSection
	GlobalSection(ExtensibilityGlobals) = postSolution
		SolutionGuid = {AFDC6516-CA26-4EF3-BC11-B59F2A85CC5E}
	EndGlobalSection
EndGlobal
